
Microsoft Visual Studio Solution File, Format Version 12.00
# Visual Studio Version 17
VisualStudioVersion = 17.10.35122.118
MinimumVisualStudioVersion = 10.0.40219.1
Project("{FAE04EC0-301F-11D3-BF4B-00C04F79EFBC}") = "OneBancTask", "OneBancTask.csproj", "{397B86FF-CFE5-4AA2-B5DA-7E1A4BE2F2C1}"
EndProject
Global
	GlobalSection(SolutionConfigurationPlatforms) = preSolution
		Debug|Any CPU = Debug|Any CPU
		Release|Any CPU = Release|Any CPU
	EndGlobalSection
	GlobalSection(ProjectConfigurationPlatforms) = postSolution
		{397B86FF-CFE5-4AA2-B5DA-7E1A4BE2F2C1}.Debug|Any CPU.ActiveCfg = Debug|Any CPU
		{397B86FF-CFE5-4AA2-B5DA-7E1A4BE2F2C1}.Debug|Any CPU.Build.0 = Debug|Any CPU
		{397B86FF-CFE5-4AA2-B5DA-7E1A4BE2F2C1}.Release|Any CPU.ActiveCfg = Release|Any CPU
		{397B86FF-CFE5-4AA2-B5DA-7E1A4BE2F2C1}.Release|Any CPU.Build.0 = Release|Any CPU
	EndGlobalSection
	GlobalSection(SolutionProperties) = preSolution
		HideSolutionNode = FALSE
	EndGlobalSection
	GlobalSection(ExtensibilityGlobals) = postSolution
		SolutionGuid = {CF3CD2D7-F570-4325-9166-DFABB682F12F}
	EndGlobalSection
EndGlobal
